<?xml version="1.0" encoding="utf-8"?>
<Project ToolsVersion="4.0" xmlns="http://schemas.microsoft.com/developer/msbuild/2003">
  <ItemGroup>
    <ClCompile Include="dllmain.cpp" />
    <ClCompile Include="appmain.cpp" />
    <ClCompile Include="Msg.cpp" />
    <ClCompile Include="源.cpp" />
    <ClCompile Include="appinfo.h" />
    <ClCompile Include="app.cpp" />
    <ClCompile Include="command\ping.cpp">
      <Filter>command</Filter>
    </ClCompile>
    <ClCompile Include="command\reload.cpp">
      <Filter>command</Filter>
    </ClCompile>
    <ClCompile Include="util\common.cpp">
      <Filter>util</Filter>
    </ClCompile>
    <ClCompile Include="util\config.cpp">
      <Filter>util</Filter>
    </ClCompile>
    <ClCompile Include="util\time_manager.cpp">
      <Filter>util</Filter>
    </ClCompile>
    <ClCompile Include="command.cpp" />
    <ClCompile Include="handle_event\repeat.cpp">
      <Filter>handle_event</Filter>
    </ClCompile>
    <ClCompile Include="admin_list.cpp" />
    <ClCompile Include="command\admin.cpp">
      <Filter>command</Filter>
    </ClCompile>
    <ClCompile Include="socket\socket.cpp">
      <Filter>socket</Filter>
    </ClCompile>
    <ClCompile Include="socket\address.cpp">
      <Filter>socket</Filter>
    </ClCompile>
  </ItemGroup>
  <ItemGroup>
    <ClInclude Include="appVer.h" />
    <ClInclude Include="app.h" />
    <ClInclude Include="command\ping.h">
      <Filter>command</Filter>
    </ClInclude>
    <ClInclude Include="command\reload.h">
      <Filter>command</Filter>
    </ClInclude>
    <ClInclude Include="util\common.h">
      <Filter>util</Filter>
    </ClInclude>
    <ClInclude Include="util\singleton.h">
      <Filter>util</Filter>
    </ClInclude>
    <ClInclude Include="util\time_manager.h">
      <Filter>util</Filter>
    </ClInclude>
    <ClInclude Include="util\config.h">
      <Filter>util</Filter>
    </ClInclude>
    <ClInclude Include="command.h" />
    <ClInclude Include="handle_event\repeat.h">
      <Filter>handle_event</Filter>
    </ClInclude>
    <ClInclude Include="admin_list.h" />
    <ClInclude Include="command\admin.h">
      <Filter>command</Filter>
    </ClInclude>
    <ClInclude Include="socket\socket.h">
      <Filter>socket</Filter>
    </ClInclude>
    <ClInclude Include="socket\address.h">
      <Filter>socket</Filter>
    </ClInclude>
  </ItemGroup>
  <ItemGroup>
    <Filter Include="util">
      <UniqueIdentifier>{bf327e03-aa17-40b6-a69e-104c80d013bd}</UniqueIdentifier>
    </Filter>
    <Filter Include="command">
      <UniqueIdentifier>{45c9f2ea-f2b9-4a37-96cf-5d79a39ef027}</UniqueIdentifier>
    </Filter>
    <Filter Include="handle_event">
      <UniqueIdentifier>{12ad94a5-8834-438b-ab57-d7248bb0cc83}</UniqueIdentifier>
    </Filter>
    <Filter Include="socket">
      <UniqueIdentifier>{0613f390-7bc2-40a8-a30f-ad59c98eb96c}</UniqueIdentifier>
    </Filter>
  </ItemGroup>
</Project>